
Microsoft Visual Studio Solution File, Format Version 12.00
Project("{FAE04EC0-301F-11D3-BF4B-00C04F79EFBC}") = "backend", "backend\backend.csproj", "{D5FCBCC4-C932-432C-AF48-31701FC89BBA}"
EndProject
Project("{FAE04EC0-301F-11D3-BF4B-00C04F79EFBC}") = "test", "test\test.csproj", "{ACC0D592-4B2D-4A51-A748-D4317CAD8608}"
EndProject
Global
	GlobalSection(SolutionConfigurationPlatforms) = preSolution
		Debug|Any CPU = Debug|Any CPU
		Release|Any CPU = Release|Any CPU
	EndGlobalSection
	GlobalSection(ProjectConfigurationPlatforms) = postSolution
		{D5FCBCC4-C932-432C-AF48-31701FC89BBA}.Debug|Any CPU.ActiveCfg = Debug|Any CPU
		{D5FCBCC4-C932-432C-AF48-31701FC89BBA}.Debug|Any CPU.Build.0 = Debug|Any CPU
		{D5FCBCC4-C932-432C-AF48-31701FC89BBA}.Release|Any CPU.ActiveCfg = Release|Any CPU
		{D5FCBCC4-C932-432C-AF48-31701FC89BBA}.Release|Any CPU.Build.0 = Release|Any CPU
		{ACC0D592-4B2D-4A51-A748-D4317CAD8608}.Debug|Any CPU.ActiveCfg = Debug|Any CPU
		{ACC0D592-4B2D-4A51-A748-D4317CAD8608}.Debug|Any CPU.Build.0 = Debug|Any CPU
		{ACC0D592-4B2D-4A51-A748-D4317CAD8608}.Release|Any CPU.ActiveCfg = Release|Any CPU
		{ACC0D592-4B2D-4A51-A748-D4317CAD8608}.Release|Any CPU.Build.0 = Release|Any CPU
	EndGlobalSection
EndGlobal
